
Microsoft Visual Studio Solution File, Format Version 12.00
# Visual Studio Version 17
VisualStudioVersion = 17.4.33403.182
MinimumVisualStudioVersion = 10.0.40219.1
Project("{00D1A9C2-B5F0-4AF3-8072-F6C62B433612}") = "HotelManagementDB", "HotelManagementDB\HotelManagementDB.sqlproj", "{FDFE1081-AA01-4EE0-B32D-963C8A8A175E}"
EndProject
Project("{9A19103F-16F7-4668-BE54-9A1E7A4F7556}") = "HotelAppClassLibrary", "HotelAppClassLibrary\HotelAppClassLibrary.csproj", "{12B1B307-3F02-4E4B-9B6C-9D38659E3837}"
EndProject
Project("{9A19103F-16F7-4668-BE54-9A1E7A4F7556}") = "HotelAppRazorPages", "HotelAppRazorPages\HotelAppRazorPages.csproj", "{B9C58D27-15F1-4488-8704-AB4660CE7D83}"
EndProject
Global
	GlobalSection(SolutionConfigurationPlatforms) = preSolution
		Debug|Any CPU = Debug|Any CPU
		Release|Any CPU = Release|Any CPU
	EndGlobalSection
	GlobalSection(ProjectConfigurationPlatforms) = postSolution
		{FDFE1081-AA01-4EE0-B32D-963C8A8A175E}.Debug|Any CPU.ActiveCfg = Debug|Any CPU
		{FDFE1081-AA01-4EE0-B32D-963C8A8A175E}.Debug|Any CPU.Build.0 = Debug|Any CPU
		{FDFE1081-AA01-4EE0-B32D-963C8A8A175E}.Debug|Any CPU.Deploy.0 = Debug|Any CPU
		{FDFE1081-AA01-4EE0-B32D-963C8A8A175E}.Release|Any CPU.ActiveCfg = Release|Any CPU
		{FDFE1081-AA01-4EE0-B32D-963C8A8A175E}.Release|Any CPU.Build.0 = Release|Any CPU
		{FDFE1081-AA01-4EE0-B32D-963C8A8A175E}.Release|Any CPU.Deploy.0 = Release|Any CPU
		{12B1B307-3F02-4E4B-9B6C-9D38659E3837}.Debug|Any CPU.ActiveCfg = Debug|Any CPU
		{12B1B307-3F02-4E4B-9B6C-9D38659E3837}.Debug|Any CPU.Build.0 = Debug|Any CPU
		{12B1B307-3F02-4E4B-9B6C-9D38659E3837}.Release|Any CPU.ActiveCfg = Release|Any CPU
		{12B1B307-3F02-4E4B-9B6C-9D38659E3837}.Release|Any CPU.Build.0 = Release|Any CPU
		{B9C58D27-15F1-4488-8704-AB4660CE7D83}.Debug|Any CPU.ActiveCfg = Debug|Any CPU
		{B9C58D27-15F1-4488-8704-AB4660CE7D83}.Debug|Any CPU.Build.0 = Debug|Any CPU
		{B9C58D27-15F1-4488-8704-AB4660CE7D83}.Release|Any CPU.ActiveCfg = Release|Any CPU
		{B9C58D27-15F1-4488-8704-AB4660CE7D83}.Release|Any CPU.Build.0 = Release|Any CPU
	EndGlobalSection
	GlobalSection(SolutionProperties) = preSolution
		HideSolutionNode = FALSE
	EndGlobalSection
	GlobalSection(ExtensibilityGlobals) = postSolution
		SolutionGuid = {AED81994-E731-4883-AC5E-408BC9CF3742}
	EndGlobalSection
EndGlobal
